
Microsoft Visual Studio Solution File, Format Version 12.00
# Visual Studio Version 17
VisualStudioVersion = 17.0.32112.339
MinimumVisualStudioVersion = 10.0.40219.1
Project("{2150E333-8FDC-42A3-9474-1A3956D46DE8}") = "Client", "Client", "{DD8DA6A4-D7B4-4129-A226-DD9304A6C16C}"
EndProject
Project("{2150E333-8FDC-42A3-9474-1A3956D46DE8}") = "EchoServer", "EchoServer", "{743EF59D-7A65-468A-8B63-9B73B27918ED}"
EndProject
Project("{9A19103F-16F7-4668-BE54-9A1E7A4F7556}") = "EchoServer.BL.Abstraction", "EchoServer\EchoServer.BL.Abstraction\EchoServer.BL.Abstraction.csproj", "{3BB32399-AF68-4E55-8A24-3598FC288F62}"
EndProject
Project("{9A19103F-16F7-4668-BE54-9A1E7A4F7556}") = "EchoServer.BL.Implementation", "EchoServer\EchoServer.BL.Implementation\EchoServer.BL.Implementation.csproj", "{275376F2-2187-4FCD-81E9-F3B62E4BC50E}"
EndProject
Project("{9A19103F-16F7-4668-BE54-9A1E7A4F7556}") = "EchoServer.Startup", "EchoServer.Startup\EchoServer.Startup.csproj", "{D913DB2C-C605-4F27-988A-A29F7CF8A5E0}"
EndProject
Project("{2150E333-8FDC-42A3-9474-1A3956D46DE8}") = "Common", "Common", "{3115C915-3153-4FCE-BC9F-52A5B4D3F0B6}"
EndProject
Project("{9A19103F-16F7-4668-BE54-9A1E7A4F7556}") = "Common", "Common\Common.csproj", "{FCCB9D2E-4E42-47C0-A1F1-3890190471D9}"
EndProject
Project("{2150E333-8FDC-42A3-9474-1A3956D46DE8}") = "Core", "Core", "{719CF2F8-2D3B-4A7A-8954-FAC9DB778B34}"
EndProject
Project("{2150E333-8FDC-42A3-9474-1A3956D46DE8}") = "UI", "UI", "{AFA5E325-083B-45E7-A48D-DB2FD7B9F9D4}"
EndProject
Project("{2150E333-8FDC-42A3-9474-1A3956D46DE8}") = "BL", "BL", "{6ACA57AB-7F4B-4C25-B54E-8F2C5E639EDC}"
EndProject
Project("{9A19103F-16F7-4668-BE54-9A1E7A4F7556}") = "Client.BL.Core", "Client\Core\Client.BL.Core\Client.BL.Core.csproj", "{B0AADF24-B1CF-4C42-92D2-0EEE9B127CA9}"
EndProject
Project("{9A19103F-16F7-4668-BE54-9A1E7A4F7556}") = "Client.BL.Implementation", "Client\BL\Client.BL.Implementation\Client.BL.Implementation.csproj", "{B5C71A0B-929B-40B5-B09C-B5F68A91A81D}"
EndProject
Project("{9A19103F-16F7-4668-BE54-9A1E7A4F7556}") = "Client.ConsoleUI", "Client\UI\Client.ConsoleUI\Client.ConsoleUI.csproj", "{97D928CC-55BD-47DB-9A49-0081B23F1626}"
EndProject
Project("{9A19103F-16F7-4668-BE54-9A1E7A4F7556}") = "Client.Startup", "Client\UI\Client.Startup\Client.Startup.csproj", "{C22A5D79-ECCA-4EE7-B258-6E8BE438A295}"
EndProject
Project("{2150E333-8FDC-42A3-9474-1A3956D46DE8}") = "Core", "Core", "{D702EC39-5E81-4F4C-9EEB-8F89903EA65E}"
EndProject
Project("{FAE04EC0-301F-11D3-BF4B-00C04F79EFBC}") = "Server.BL.Core", "Server.BL.Core\Server.BL.Core.csproj", "{F5A0E3D9-072F-4FCE-AE1D-217916B30A68}"
EndProject
Global
	GlobalSection(SolutionConfigurationPlatforms) = preSolution
		Debug|Any CPU = Debug|Any CPU
		Release|Any CPU = Release|Any CPU
	EndGlobalSection
	GlobalSection(ProjectConfigurationPlatforms) = postSolution
		{3BB32399-AF68-4E55-8A24-3598FC288F62}.Debug|Any CPU.ActiveCfg = Debug|Any CPU
		{3BB32399-AF68-4E55-8A24-3598FC288F62}.Debug|Any CPU.Build.0 = Debug|Any CPU
		{3BB32399-AF68-4E55-8A24-3598FC288F62}.Release|Any CPU.ActiveCfg = Release|Any CPU
		{3BB32399-AF68-4E55-8A24-3598FC288F62}.Release|Any CPU.Build.0 = Release|Any CPU
		{275376F2-2187-4FCD-81E9-F3B62E4BC50E}.Debug|Any CPU.ActiveCfg = Debug|Any CPU
		{275376F2-2187-4FCD-81E9-F3B62E4BC50E}.Debug|Any CPU.Build.0 = Debug|Any CPU
		{275376F2-2187-4FCD-81E9-F3B62E4BC50E}.Release|Any CPU.ActiveCfg = Release|Any CPU
		{275376F2-2187-4FCD-81E9-F3B62E4BC50E}.Release|Any CPU.Build.0 = Release|Any CPU
		{D913DB2C-C605-4F27-988A-A29F7CF8A5E0}.Debug|Any CPU.ActiveCfg = Debug|Any CPU
		{D913DB2C-C605-4F27-988A-A29F7CF8A5E0}.Debug|Any CPU.Build.0 = Debug|Any CPU
		{D913DB2C-C605-4F27-988A-A29F7CF8A5E0}.Release|Any CPU.ActiveCfg = Release|Any CPU
		{D913DB2C-C605-4F27-988A-A29F7CF8A5E0}.Release|Any CPU.Build.0 = Release|Any CPU
		{FCCB9D2E-4E42-47C0-A1F1-3890190471D9}.Debug|Any CPU.ActiveCfg = Debug|Any CPU
		{FCCB9D2E-4E42-47C0-A1F1-3890190471D9}.Debug|Any CPU.Build.0 = Debug|Any CPU
		{FCCB9D2E-4E42-47C0-A1F1-3890190471D9}.Release|Any CPU.ActiveCfg = Release|Any CPU
		{FCCB9D2E-4E42-47C0-A1F1-3890190471D9}.Release|Any CPU.Build.0 = Release|Any CPU
		{B0AADF24-B1CF-4C42-92D2-0EEE9B127CA9}.Debug|Any CPU.ActiveCfg = Debug|Any CPU
		{B0AADF24-B1CF-4C42-92D2-0EEE9B127CA9}.Debug|Any CPU.Build.0 = Debug|Any CPU
		{B0AADF24-B1CF-4C42-92D2-0EEE9B127CA9}.Release|Any CPU.ActiveCfg = Release|Any CPU
		{B0AADF24-B1CF-4C42-92D2-0EEE9B127CA9}.Release|Any CPU.Build.0 = Release|Any CPU
		{B5C71A0B-929B-40B5-B09C-B5F68A91A81D}.Debug|Any CPU.ActiveCfg = Debug|Any CPU
		{B5C71A0B-929B-40B5-B09C-B5F68A91A81D}.Debug|Any CPU.Build.0 = Debug|Any CPU
		{B5C71A0B-929B-40B5-B09C-B5F68A91A81D}.Release|Any CPU.ActiveCfg = Release|Any CPU
		{B5C71A0B-929B-40B5-B09C-B5F68A91A81D}.Release|Any CPU.Build.0 = Release|Any CPU
		{97D928CC-55BD-47DB-9A49-0081B23F1626}.Debug|Any CPU.ActiveCfg = Debug|Any CPU
		{97D928CC-55BD-47DB-9A49-0081B23F1626}.Debug|Any CPU.Build.0 = Debug|Any CPU
		{97D928CC-55BD-47DB-9A49-0081B23F1626}.Release|Any CPU.ActiveCfg = Release|Any CPU
		{97D928CC-55BD-47DB-9A49-0081B23F1626}.Release|Any CPU.Build.0 = Release|Any CPU
		{C22A5D79-ECCA-4EE7-B258-6E8BE438A295}.Debug|Any CPU.ActiveCfg = Debug|Any CPU
		{C22A5D79-ECCA-4EE7-B258-6E8BE438A295}.Debug|Any CPU.Build.0 = Debug|Any CPU
		{C22A5D79-ECCA-4EE7-B258-6E8BE438A295}.Release|Any CPU.ActiveCfg = Release|Any CPU
		{C22A5D79-ECCA-4EE7-B258-6E8BE438A295}.Release|Any CPU.Build.0 = Release|Any CPU
		{F5A0E3D9-072F-4FCE-AE1D-217916B30A68}.Debug|Any CPU.ActiveCfg = Debug|Any CPU
		{F5A0E3D9-072F-4FCE-AE1D-217916B30A68}.Debug|Any CPU.Build.0 = Debug|Any CPU
		{F5A0E3D9-072F-4FCE-AE1D-217916B30A68}.Release|Any CPU.ActiveCfg = Release|Any CPU
		{F5A0E3D9-072F-4FCE-AE1D-217916B30A68}.Release|Any CPU.Build.0 = Release|Any CPU
	EndGlobalSection
	GlobalSection(SolutionProperties) = preSolution
		HideSolutionNode = FALSE
	EndGlobalSection
	GlobalSection(NestedProjects) = preSolution
		{3BB32399-AF68-4E55-8A24-3598FC288F62} = {743EF59D-7A65-468A-8B63-9B73B27918ED}
		{275376F2-2187-4FCD-81E9-F3B62E4BC50E} = {743EF59D-7A65-468A-8B63-9B73B27918ED}
		{D913DB2C-C605-4F27-988A-A29F7CF8A5E0} = {743EF59D-7A65-468A-8B63-9B73B27918ED}
		{FCCB9D2E-4E42-47C0-A1F1-3890190471D9} = {3115C915-3153-4FCE-BC9F-52A5B4D3F0B6}
		{719CF2F8-2D3B-4A7A-8954-FAC9DB778B34} = {DD8DA6A4-D7B4-4129-A226-DD9304A6C16C}
		{AFA5E325-083B-45E7-A48D-DB2FD7B9F9D4} = {DD8DA6A4-D7B4-4129-A226-DD9304A6C16C}
		{6ACA57AB-7F4B-4C25-B54E-8F2C5E639EDC} = {DD8DA6A4-D7B4-4129-A226-DD9304A6C16C}
		{B0AADF24-B1CF-4C42-92D2-0EEE9B127CA9} = {719CF2F8-2D3B-4A7A-8954-FAC9DB778B34}
		{B5C71A0B-929B-40B5-B09C-B5F68A91A81D} = {6ACA57AB-7F4B-4C25-B54E-8F2C5E639EDC}
		{97D928CC-55BD-47DB-9A49-0081B23F1626} = {AFA5E325-083B-45E7-A48D-DB2FD7B9F9D4}
		{C22A5D79-ECCA-4EE7-B258-6E8BE438A295} = {AFA5E325-083B-45E7-A48D-DB2FD7B9F9D4}
		{D702EC39-5E81-4F4C-9EEB-8F89903EA65E} = {743EF59D-7A65-468A-8B63-9B73B27918ED}
		{F5A0E3D9-072F-4FCE-AE1D-217916B30A68} = {D702EC39-5E81-4F4C-9EEB-8F89903EA65E}
	EndGlobalSection
	GlobalSection(ExtensibilityGlobals) = postSolution
		SolutionGuid = {167E60F3-0F8B-4DDB-9086-2771DE934876}
	EndGlobalSection
EndGlobal
