
Microsoft Visual Studio Solution File, Format Version 12.00
# Visual Studio Version 16
VisualStudioVersion = 16.0.32106.194
MinimumVisualStudioVersion = 10.0.40219.1
Project("{2150E333-8FDC-42A3-9474-1A3956D46DE8}") = "EchoServer", "EchoServer", "{FC5FCD05-BBD1-4CDE-AAB8-88E7BF2CF66D}"
EndProject
Project("{2150E333-8FDC-42A3-9474-1A3956D46DE8}") = "Client", "Client", "{6DFFF731-BA31-4428-85F3-B9231A79E424}"
EndProject
Project("{2150E333-8FDC-42A3-9474-1A3956D46DE8}") = "Common", "Common", "{FCEB1954-0A53-4F18-BEF5-24F8C79C164F}"
EndProject
Project("{9A19103F-16F7-4668-BE54-9A1E7A4F7556}") = "Common.Abstractions", "Common.Abstractions\Common.Abstractions.csproj", "{B12C475B-B8F9-4B7C-BF95-5F2FDCD6FD1A}"
EndProject
Project("{9A19103F-16F7-4668-BE54-9A1E7A4F7556}") = "EchoServer.BL.Abstraction", "EchoServer.BL.Abstraction\EchoServer.BL.Abstraction.csproj", "{D224A509-11D1-478F-A3D4-5246BA2034D6}"
EndProject
Project("{9A19103F-16F7-4668-BE54-9A1E7A4F7556}") = "EchoServer.BL.Implementation", "EchoServer.BL.Implementation\EchoServer.BL.Implementation.csproj", "{A0CF16EC-D0C8-41A7-B33C-A7736C45E9F9}"
EndProject
Project("{FAE04EC0-301F-11D3-BF4B-00C04F79EFBC}") = "Client.BL.Abstraction", "Client.BL.Abstraction\Client.BL.Abstraction.csproj", "{CFBDC866-1B33-43DB-9E77-C501A855A7E8}"
EndProject
Global
	GlobalSection(SolutionConfigurationPlatforms) = preSolution
		Debug|Any CPU = Debug|Any CPU
		Release|Any CPU = Release|Any CPU
	EndGlobalSection
	GlobalSection(ProjectConfigurationPlatforms) = postSolution
		{B12C475B-B8F9-4B7C-BF95-5F2FDCD6FD1A}.Debug|Any CPU.ActiveCfg = Debug|Any CPU
		{B12C475B-B8F9-4B7C-BF95-5F2FDCD6FD1A}.Debug|Any CPU.Build.0 = Debug|Any CPU
		{B12C475B-B8F9-4B7C-BF95-5F2FDCD6FD1A}.Release|Any CPU.ActiveCfg = Release|Any CPU
		{B12C475B-B8F9-4B7C-BF95-5F2FDCD6FD1A}.Release|Any CPU.Build.0 = Release|Any CPU
		{D224A509-11D1-478F-A3D4-5246BA2034D6}.Debug|Any CPU.ActiveCfg = Debug|Any CPU
		{D224A509-11D1-478F-A3D4-5246BA2034D6}.Debug|Any CPU.Build.0 = Debug|Any CPU
		{D224A509-11D1-478F-A3D4-5246BA2034D6}.Release|Any CPU.ActiveCfg = Release|Any CPU
		{D224A509-11D1-478F-A3D4-5246BA2034D6}.Release|Any CPU.Build.0 = Release|Any CPU
		{A0CF16EC-D0C8-41A7-B33C-A7736C45E9F9}.Debug|Any CPU.ActiveCfg = Debug|Any CPU
		{A0CF16EC-D0C8-41A7-B33C-A7736C45E9F9}.Debug|Any CPU.Build.0 = Debug|Any CPU
		{A0CF16EC-D0C8-41A7-B33C-A7736C45E9F9}.Release|Any CPU.ActiveCfg = Release|Any CPU
		{A0CF16EC-D0C8-41A7-B33C-A7736C45E9F9}.Release|Any CPU.Build.0 = Release|Any CPU
		{CFBDC866-1B33-43DB-9E77-C501A855A7E8}.Debug|Any CPU.ActiveCfg = Debug|Any CPU
		{CFBDC866-1B33-43DB-9E77-C501A855A7E8}.Debug|Any CPU.Build.0 = Debug|Any CPU
		{CFBDC866-1B33-43DB-9E77-C501A855A7E8}.Release|Any CPU.ActiveCfg = Release|Any CPU
		{CFBDC866-1B33-43DB-9E77-C501A855A7E8}.Release|Any CPU.Build.0 = Release|Any CPU
	EndGlobalSection
	GlobalSection(SolutionProperties) = preSolution
		HideSolutionNode = FALSE
	EndGlobalSection
	GlobalSection(NestedProjects) = preSolution
		{B12C475B-B8F9-4B7C-BF95-5F2FDCD6FD1A} = {FCEB1954-0A53-4F18-BEF5-24F8C79C164F}
		{D224A509-11D1-478F-A3D4-5246BA2034D6} = {FC5FCD05-BBD1-4CDE-AAB8-88E7BF2CF66D}
		{A0CF16EC-D0C8-41A7-B33C-A7736C45E9F9} = {FC5FCD05-BBD1-4CDE-AAB8-88E7BF2CF66D}
		{CFBDC866-1B33-43DB-9E77-C501A855A7E8} = {6DFFF731-BA31-4428-85F3-B9231A79E424}
	EndGlobalSection
	GlobalSection(ExtensibilityGlobals) = postSolution
		SolutionGuid = {167E60F3-0F8B-4DDB-9086-2771DE934876}
	EndGlobalSection
EndGlobal
